
Microsoft Visual Studio Solution File, Format Version 12.00
# Visual Studio Version 16
VisualStudioVersion = 16.0.30611.23
MinimumVisualStudioVersion = 10.0.40219.1
Project("{FAE04EC0-301F-11D3-BF4B-00C04F79EFBC}") = "Exercise4", "Exercise4.csproj", "{D1F91F37-E2DD-43DE-8ADD-E82FAFA82A17}"
EndProject
Global
	GlobalSection(SolutionConfigurationPlatforms) = preSolution
		Debug|Any CPU = Debug|Any CPU
		Release|Any CPU = Release|Any CPU
	EndGlobalSection
	GlobalSection(ProjectConfigurationPlatforms) = postSolution
		{D1F91F37-E2DD-43DE-8ADD-E82FAFA82A17}.Debug|Any CPU.ActiveCfg = Debug|Any CPU
		{D1F91F37-E2DD-43DE-8ADD-E82FAFA82A17}.Debug|Any CPU.Build.0 = Debug|Any CPU
		{D1F91F37-E2DD-43DE-8ADD-E82FAFA82A17}.Release|Any CPU.ActiveCfg = Release|Any CPU
		{D1F91F37-E2DD-43DE-8ADD-E82FAFA82A17}.Release|Any CPU.Build.0 = Release|Any CPU
	EndGlobalSection
	GlobalSection(SolutionProperties) = preSolution
		HideSolutionNode = FALSE
	EndGlobalSection
	GlobalSection(ExtensibilityGlobals) = postSolution
		SolutionGuid = {CBD57C8B-CCBA-4B31-8E4A-98A4B6EE92E0}
	EndGlobalSection
EndGlobal
