
Microsoft Visual Studio Solution File, Format Version 12.00
# Visual Studio Version 16
VisualStudioVersion = 16.0.30611.23
MinimumVisualStudioVersion = 10.0.40219.1
Project("{FAE04EC0-301F-11D3-BF4B-00C04F79EFBC}") = "Exercise3", "Exercise3.csproj", "{5C9F0120-EA8D-4332-A098-D1C9B37A86E4}"
EndProject
Global
	GlobalSection(SolutionConfigurationPlatforms) = preSolution
		Debug|Any CPU = Debug|Any CPU
		Release|Any CPU = Release|Any CPU
	EndGlobalSection
	GlobalSection(ProjectConfigurationPlatforms) = postSolution
		{5C9F0120-EA8D-4332-A098-D1C9B37A86E4}.Debug|Any CPU.ActiveCfg = Debug|Any CPU
		{5C9F0120-EA8D-4332-A098-D1C9B37A86E4}.Debug|Any CPU.Build.0 = Debug|Any CPU
		{5C9F0120-EA8D-4332-A098-D1C9B37A86E4}.Release|Any CPU.ActiveCfg = Release|Any CPU
		{5C9F0120-EA8D-4332-A098-D1C9B37A86E4}.Release|Any CPU.Build.0 = Release|Any CPU
	EndGlobalSection
	GlobalSection(SolutionProperties) = preSolution
		HideSolutionNode = FALSE
	EndGlobalSection
	GlobalSection(ExtensibilityGlobals) = postSolution
		SolutionGuid = {6888E943-30C2-4311-9A24-496C5611231D}
	EndGlobalSection
EndGlobal
